
Microsoft Visual Studio Solution File, Format Version 11.00
# Visual Studio 2010
Project("{F2A71F9B-5D33-465A-A702-920D77279786}") = "program", "program\program.fsproj", "{861D2B64-6B66-4617-86E3-F26ACEE3BEE6}"
EndProject
Global
	GlobalSection(SolutionConfigurationPlatforms) = preSolution
		Debug|x86 = Debug|x86
		Release|x86 = Release|x86
	EndGlobalSection
	GlobalSection(ProjectConfigurationPlatforms) = postSolution
		{861D2B64-6B66-4617-86E3-F26ACEE3BEE6}.Debug|x86.ActiveCfg = Debug|x86
		{861D2B64-6B66-4617-86E3-F26ACEE3BEE6}.Debug|x86.Build.0 = Debug|x86
		{861D2B64-6B66-4617-86E3-F26ACEE3BEE6}.Release|x86.ActiveCfg = Release|x86
		{861D2B64-6B66-4617-86E3-F26ACEE3BEE6}.Release|x86.Build.0 = Release|x86
	EndGlobalSection
	GlobalSection(SolutionProperties) = preSolution
		HideSolutionNode = FALSE
	EndGlobalSection
EndGlobal
