
Microsoft Visual Studio Solution File, Format Version 11.00
# Visual Studio 2010
Project("{F2A71F9B-5D33-465A-A702-920D77279786}") = "play", "play\play.fsproj", "{FA647579-6FDC-41E3-A9C6-FCBCD0314C9B}"
EndProject
Global
	GlobalSection(SolutionConfigurationPlatforms) = preSolution
		Debug|x86 = Debug|x86
		Release|x86 = Release|x86
	EndGlobalSection
	GlobalSection(ProjectConfigurationPlatforms) = postSolution
		{FA647579-6FDC-41E3-A9C6-FCBCD0314C9B}.Debug|x86.ActiveCfg = Debug|x86
		{FA647579-6FDC-41E3-A9C6-FCBCD0314C9B}.Debug|x86.Build.0 = Debug|x86
		{FA647579-6FDC-41E3-A9C6-FCBCD0314C9B}.Release|x86.ActiveCfg = Release|x86
		{FA647579-6FDC-41E3-A9C6-FCBCD0314C9B}.Release|x86.Build.0 = Release|x86
	EndGlobalSection
	GlobalSection(SolutionProperties) = preSolution
		HideSolutionNode = FALSE
	EndGlobalSection
EndGlobal
