
Microsoft Visual Studio Solution File, Format Version 11.00
# Visual Studio 2010
Project("{8BC9CEB8-8B4A-11D0-8D11-00A0C91BC942}") = "Lab2_Tasking", "Lab2_Tasking.vcxproj", "{BB67233E-8820-4B62-A404-C6F7E3EF83DA}"
EndProject
Global
	GlobalSection(SolutionConfigurationPlatforms) = preSolution
		Debug|Win32 = Debug|Win32
		Release|Win32 = Release|Win32
	EndGlobalSection
	GlobalSection(ProjectConfigurationPlatforms) = postSolution
		{BB67233E-8820-4B62-A404-C6F7E3EF83DA}.Debug|Win32.ActiveCfg = Debug|Win32
		{BB67233E-8820-4B62-A404-C6F7E3EF83DA}.Debug|Win32.Build.0 = Debug|Win32
		{BB67233E-8820-4B62-A404-C6F7E3EF83DA}.Release|Win32.ActiveCfg = Release|Win32
		{BB67233E-8820-4B62-A404-C6F7E3EF83DA}.Release|Win32.Build.0 = Release|Win32
	EndGlobalSection
	GlobalSection(SolutionProperties) = preSolution
		HideSolutionNode = FALSE
	EndGlobalSection
EndGlobal
